
Microsoft Visual Studio Solution File, Format Version 12.00
# Visual Studio Version 16
VisualStudioVersion = 16.0.31702.278
MinimumVisualStudioVersion = 10.0.40219.1
Project("{FAE04EC0-301F-11D3-BF4B-00C04F79EFBC}") = "Max_Of_Three_Var_UC2", "Max_Of_Three_Var_UC2\Max_Of_Three_Var_UC2.csproj", "{41D79407-2C6B-48E2-BA82-C1EC81428810}"
EndProject
Global
	GlobalSection(SolutionConfigurationPlatforms) = preSolution
		Debug|Any CPU = Debug|Any CPU
		Release|Any CPU = Release|Any CPU
	EndGlobalSection
	GlobalSection(ProjectConfigurationPlatforms) = postSolution
		{41D79407-2C6B-48E2-BA82-C1EC81428810}.Debug|Any CPU.ActiveCfg = Debug|Any CPU
		{41D79407-2C6B-48E2-BA82-C1EC81428810}.Debug|Any CPU.Build.0 = Debug|Any CPU
		{41D79407-2C6B-48E2-BA82-C1EC81428810}.Release|Any CPU.ActiveCfg = Release|Any CPU
		{41D79407-2C6B-48E2-BA82-C1EC81428810}.Release|Any CPU.Build.0 = Release|Any CPU
	EndGlobalSection
	GlobalSection(SolutionProperties) = preSolution
		HideSolutionNode = FALSE
	EndGlobalSection
	GlobalSection(ExtensibilityGlobals) = postSolution
		SolutionGuid = {A65E4A49-6A7F-4DF1-8FBD-5488122F5E3D}
	EndGlobalSection
EndGlobal
